
Microsoft Visual Studio Solution File, Format Version 12.00
# Visual Studio 14
VisualStudioVersion = 14.0.25123.0
MinimumVisualStudioVersion = 10.0.40219.1
Project("{FAE04EC0-301F-11D3-BF4B-00C04F79EFBC}") = "Brockhaus.ArbeitszeugnisGenerator", "Brockhaus.ArbeitszeugnisGenerator.csproj", "{43633CA1-FFFD-4CAD-B59F-7DEE4E076B97}"
EndProject
Project("{FAE04EC0-301F-11D3-BF4B-00C04F79EFBC}") = "ConsoleApplication1", "..\ConsoleApplication1\ConsoleApplication1.csproj", "{47BECED3-E5B7-48DB-83B9-795A59C50928}"
EndProject
Project("{FAE04EC0-301F-11D3-BF4B-00C04F79EFBC}") = "UnitTestProject1", "..\UnitTestProject1\UnitTestProject1.csproj", "{A51A6589-EFEB-4327-B6C8-693F1D8EE14B}"
EndProject
Global
	GlobalSection(SolutionConfigurationPlatforms) = preSolution
		Debug|Any CPU = Debug|Any CPU
		Release|Any CPU = Release|Any CPU
	EndGlobalSection
	GlobalSection(ProjectConfigurationPlatforms) = postSolution
		{43633CA1-FFFD-4CAD-B59F-7DEE4E076B97}.Debug|Any CPU.ActiveCfg = Debug|Any CPU
		{43633CA1-FFFD-4CAD-B59F-7DEE4E076B97}.Debug|Any CPU.Build.0 = Debug|Any CPU
		{43633CA1-FFFD-4CAD-B59F-7DEE4E076B97}.Release|Any CPU.ActiveCfg = Release|Any CPU
		{43633CA1-FFFD-4CAD-B59F-7DEE4E076B97}.Release|Any CPU.Build.0 = Release|Any CPU
		{47BECED3-E5B7-48DB-83B9-795A59C50928}.Debug|Any CPU.ActiveCfg = Debug|Any CPU
		{47BECED3-E5B7-48DB-83B9-795A59C50928}.Debug|Any CPU.Build.0 = Debug|Any CPU
		{47BECED3-E5B7-48DB-83B9-795A59C50928}.Release|Any CPU.ActiveCfg = Release|Any CPU
		{47BECED3-E5B7-48DB-83B9-795A59C50928}.Release|Any CPU.Build.0 = Release|Any CPU
		{A51A6589-EFEB-4327-B6C8-693F1D8EE14B}.Debug|Any CPU.ActiveCfg = Debug|Any CPU
		{A51A6589-EFEB-4327-B6C8-693F1D8EE14B}.Debug|Any CPU.Build.0 = Debug|Any CPU
		{A51A6589-EFEB-4327-B6C8-693F1D8EE14B}.Release|Any CPU.ActiveCfg = Release|Any CPU
		{A51A6589-EFEB-4327-B6C8-693F1D8EE14B}.Release|Any CPU.Build.0 = Release|Any CPU
	EndGlobalSection
	GlobalSection(SolutionProperties) = preSolution
		HideSolutionNode = FALSE
	EndGlobalSection
EndGlobal
